dependencies:
- name: common
  repository: https://charts.bitnami.com/bitnami
  version: 1.10.4
- name: postgresql
  repository: https://charts.bitnami.com/bitnami
  version: 10.16.2
digest: sha256:1b0fb36bbcf6b6304b07650f0808a8ac153d785badcb279f7a14cdfb3a4e25cb
generated: "2022-02-07T17:42:27.94682-06:00"
