{
  "name": "NuMarquez",
  "lockfileVersion": 3,
  "requires": true,
  "packages": {
    "": {
      "dependencies": {
        "fraction.js": "^5.2.1"
      }
    },
    "node_modules/fraction.js": {
      "version": "5.2.1",
      "resolved": "https://registry.npmjs.org/fraction.js/-/fraction.js-5.2.1.tgz",
      "integrity": "sha512-Ah6t/7YCYjrPUFUFsOsRLMXAdnYM+aQwmojD2Ayb/Ezr82SwES0vuyQ8qZ3QO8n9j7W14VJuVZZet8U3bhSdQQ==",
      "license": "MIT",
      "engines": {
        "node": ">= 12"
      },
      "funding": {
        "type": "github",
        "url": "https://github.com/sponsors/rawify"
      }
    }
  }
}
